
Microsoft Visual Studio Solution File, Format Version 12.00
# Visual Studio 14
VisualStudioVersion = 14.0.25420.1
MinimumVisualStudioVersion = 10.0.40219.1
Project("{FAE04EC0-301F-11D3-BF4B-00C04F79EFBC}") = "WeatherApp", "WeatherApp\WeatherApp.csproj", "{F937F18C-731D-487B-BA38-94C603A9D75A}"
EndProject
Project("{FAE04EC0-301F-11D3-BF4B-00C04F79EFBC}") = "WeatherAppTest1", "WeatherAppTest1\WeatherAppTest1.csproj", "{259BA18C-8481-4588-B924-89E1149A1A66}"
EndProject
Global
	GlobalSection(SolutionConfigurationPlatforms) = preSolution
		Debug|Any CPU = Debug|Any CPU
		Release|Any CPU = Release|Any CPU
	EndGlobalSection
	GlobalSection(ProjectConfigurationPlatforms) = postSolution
		{F937F18C-731D-487B-BA38-94C603A9D75A}.Debug|Any CPU.ActiveCfg = Debug|Any CPU
		{F937F18C-731D-487B-BA38-94C603A9D75A}.Debug|Any CPU.Build.0 = Debug|Any CPU
		{F937F18C-731D-487B-BA38-94C603A9D75A}.Release|Any CPU.ActiveCfg = Release|Any CPU
		{F937F18C-731D-487B-BA38-94C603A9D75A}.Release|Any CPU.Build.0 = Release|Any CPU
		{259BA18C-8481-4588-B924-89E1149A1A66}.Debug|Any CPU.ActiveCfg = Debug|Any CPU
		{259BA18C-8481-4588-B924-89E1149A1A66}.Debug|Any CPU.Build.0 = Debug|Any CPU
		{259BA18C-8481-4588-B924-89E1149A1A66}.Release|Any CPU.ActiveCfg = Release|Any CPU
		{259BA18C-8481-4588-B924-89E1149A1A66}.Release|Any CPU.Build.0 = Release|Any CPU
	EndGlobalSection
	GlobalSection(SolutionProperties) = preSolution
		HideSolutionNode = FALSE
	EndGlobalSection
EndGlobal
